{
  "name": "blog-list",
  "lockfileVersion": 2,
  "requires": true,
  "packages": {
    "": {
      "dependencies": {
        "reselect": "^4.1.1"
      }
    },
    "node_modules/reselect": {
      "version": "4.1.1",
      "resolved": "https://registry.npmjs.org/reselect/-/reselect-4.1.1.tgz",
      "integrity": "sha512-Jjt8Us6hAWJpjucyladHvUGR+q1mHHgWtGDXlhvvKyNyIeQ3bjuWLDX0bsTLhbm/gd4iXEACBlODUHBlLWiNnA=="
    }
  },
  "dependencies": {
    "reselect": {
      "version": "4.1.1",
      "resolved": "https://registry.npmjs.org/reselect/-/reselect-4.1.1.tgz",
      "integrity": "sha512-Jjt8Us6hAWJpjucyladHvUGR+q1mHHgWtGDXlhvvKyNyIeQ3bjuWLDX0bsTLhbm/gd4iXEACBlODUHBlLWiNnA=="
    }
  }
}
